// !$*UTF8*$!
{
	archiveVersion = 1;
	classes = {
	};
	objectVersion = 56;
	objects = {

/* Begin PBXBuildFile section */
		8C2555F82ADF1AAE00AB8832 /* AppDelegate.swift in Sources */ = {isa = PBXBuildFile; fileRef = 8C2555F72ADF1AAE00AB8832 /* AppDelegate.swift */; };
		8C2555FA2ADF1AAE00AB8832 /* SceneDelegate.swift in Sources */ = {isa = PBXBuildFile; fileRef = 8C2555F92ADF1AAE00AB8832 /* SceneDelegate.swift */; };
		8C2555FC2ADF1AAE00AB8832 /* ViewController.swift in Sources */ = {isa = PBXBuildFile; fileRef = 8C2555FB2ADF1AAE00AB8832 /* ViewController.swift */; };
		8C2555FF2ADF1AAE00AB8832 /* Main.storyboard in Resources */ = {isa = PBXBuildFile; fileRef = 8C2555FD2ADF1AAE00AB8832 /* Main.storyboard */; };
		8C2556012ADF1AB000AB8832 /* Assets.xcassets in Resources */ = {isa = PBXBuildFile; fileRef = 8C2556002ADF1AB000AB8832 /* Assets.xcassets */; };
		8C2556042ADF1AB000AB8832 /* LaunchScreen.storyboard in Resources */ = {isa = PBXBuildFile; fileRef = 8C2556022ADF1AB000AB8832 /* LaunchScreen.storyboard */; };
		8C25560F2ADF1AB000AB8832 /* iOS_HW10_ProjectTests.swift in Sources */ = {isa = PBXBuildFile; fileRef = 8C25560E2ADF1AB000AB8832 /* iOS_HW10_ProjectTests.swift */; };
		8C2556192ADF1AB000AB8832 /* iOS_HW10_ProjectUITests.swift in Sources */ = {isa = PBXBuildFile; fileRef = 8C2556182ADF1AB000AB8832 /* iOS_HW10_ProjectUITests.swift */; };
		8C25561B2ADF1AB000AB8832 /* iOS_HW10_ProjectUITestsLaunchTests.swift in Sources */ = {isa = PBXBuildFile; fileRef = 8C25561A2ADF1AB000AB8832 /* iOS_HW10_ProjectUITestsLaunchTests.swift */; };
/* End PBXBuildFile section */

/* Begin PBXContainerItemProxy section */
		8C25560B2ADF1AB000AB8832 /* PBXContainerItemProxy */ = {
			isa = PBXContainerItemProxy;
			containerPortal = 8C2555EC2ADF1AAE00AB8832 /* Project object */;
			proxyType = 1;
			remoteGlobalIDString = 8C2555F32ADF1AAE00AB8832;
			remoteInfo = "iOS-HW10-Project";
		};
		8C2556152ADF1AB000AB8832 /* PBXContainerItemProxy */ = {
			isa = PBXContainerItemProxy;
			containerPortal = 8C2555EC2ADF1AAE00AB8832 /* Project object */;
			proxyType = 1;
			remoteGlobalIDString = 8C2555F32ADF1AAE00AB8832;
			remoteInfo = "iOS-HW10-Project";
		};
/* End PBXContainerItemProxy section */

/* Begin PBXFileReference section */
		8C2555F42ADF1AAE00AB8832 /* iOS-HW10-Project.app */ = {isa = PBXFileReference; explicitFileType = wrapper.application; includeInIndex = 0; path = "iOS-HW10-Project.app"; sourceTree = BUILT_PRODUCTS_DIR; };
		8C2555F72ADF1AAE00AB8832 /* AppDelegate.swift */ = {isa = PBXFileReference; lastKnownFileType = sourcecode.swift; path = AppDelegate.swift; sourceTree = "<group>"; };
		8C2555F92ADF1AAE00AB8832 /* SceneDelegate.swift */ = {isa = PBXFileReference; lastKnownFileType = sourcecode.swift; path = SceneDelegate.swift; sourceTree = "<group>"; };
		8C2555FB2ADF1AAE00AB8832 /* ViewController.swift */ = {isa = PBXFileReference; lastKnownFileType = sourcecode.swift; path = ViewController.swift; sourceTree = "<group>"; };
		8C2555FE2ADF1AAE00AB8832 /* Base */ = {isa = PBXFileReference; lastKnownFileType = file.storyboard; name = Base; path = Base.lproj/Main.storyboard; sourceTree = "<group>"; };
		8C2556002ADF1AB000AB8832 /* Assets.xcassets */ = {isa = PBXFileReference; lastKnownFileType = folder.assetcatalog; path = Assets.xcassets; sourceTree = "<group>"; };
		8C2556032ADF1AB000AB8832 /* Base */ = {isa = PBXFileReference; lastKnownFileType = file.storyboard; name = Base; path = Base.lproj/LaunchScreen.storyboard; sourceTree = "<group>"; };
		8C2556052ADF1AB000AB8832 /* Info.plist */ = {isa = PBXFileReference; lastKnownFileType = text.plist.xml; path = Info.plist; sourceTree = "<group>"; };
		8C25560A2ADF1AB000AB8832 /* iOS-HW10-ProjectTests.xctest */ = {isa = PBXFileReference; explicitFileType = wrapper.cfbundle; includeInIndex = 0; path = "iOS-HW10-ProjectTests.xctest"; sourceTree = BUILT_PRODUCTS_DIR; };
		8C25560E2ADF1AB000AB8832 /* iOS_HW10_ProjectTests.swift */ = {isa = PBXFileReference; lastKnownFileType = sourcecode.swift; path = iOS_HW10_ProjectTests.swift; sourceTree = "<group>"; };
		8C2556142ADF1AB000AB8832 /* iOS-HW10-ProjectUITests.xctest */ = {isa = PBXFileReference; explicitFileType = wrapper.cfbundle; includeInIndex = 0; path = "iOS-HW10-ProjectUITests.xctest"; sourceTree = BUILT_PRODUCTS_DIR; };
		8C2556182ADF1AB000AB8832 /* iOS_HW10_ProjectUITests.swift */ = {isa = PBXFileReference; lastKnownFileType = sourcecode.swift; path = iOS_HW10_ProjectUITests.swift; sourceTree = "<group>"; };
		8C25561A2ADF1AB000AB8832 /* iOS_HW10_ProjectUITestsLaunchTests.swift */ = {isa = PBXFileReference; lastKnownFileType = sourcecode.swift; path = iOS_HW10_ProjectUITestsLaunchTests.swift; sourceTree = "<group>"; };
/* End PBXFileReference section */

/* Begin PBXFrameworksBuildPhase section */
		8C2555F12ADF1AAE00AB8832 /* Frameworks */ = {
			isa = PBXFrameworksBuildPhase;
			buildActionMask = 2147483647;
			files = (
			);
			runOnlyForDeploymentPostprocessing = 0;
		};
		8C2556072ADF1AB000AB8832 /* Frameworks */ = {
			isa = PBXFrameworksBuildPhase;
			buildActionMask = 2147483647;
			files = (
			);
			runOnlyForDeploymentPostprocessing = 0;
		};
		8C2556112ADF1AB000AB8832 /* Frameworks */ = {
			isa = PBXFrameworksBuildPhase;
			buildActionMask = 2147483647;
			files = (
			);
			runOnlyForDeploymentPostprocessing = 0;
		};
/* End PBXFrameworksBuildPhase section */

/* Begin PBXGroup section */
		8C2555EB2ADF1AAE00AB8832 = {
			isa = PBXGroup;
			children = (
				8C2555F62ADF1AAE00AB8832 /* iOS-HW10-Project */,
				8C25560D2ADF1AB000AB8832 /* iOS-HW10-ProjectTests */,
				8C2556172ADF1AB000AB8832 /* iOS-HW10-ProjectUITests */,
				8C2555F52ADF1AAE00AB8832 /* Products */,
			);
			sourceTree = "<group>";
		};
		8C2555F52ADF1AAE00AB8832 /* Products */ = {
			isa = PBXGroup;
			children = (
				8C2555F42ADF1AAE00AB8832 /* iOS-HW10-Project.app */,
				8C25560A2ADF1AB000AB8832 /* iOS-HW10-ProjectTests.xctest */,
				8C2556142ADF1AB000AB8832 /* iOS-HW10-ProjectUITests.xctest */,
			);
			name = Products;
			sourceTree = "<group>";
		};
		8C2555F62ADF1AAE00AB8832 /* iOS-HW10-Project */ = {
			isa = PBXGroup;
			children = (
				8C2555F72ADF1AAE00AB8832 /* AppDelegate.swift */,
				8C2555F92ADF1AAE00AB8832 /* SceneDelegate.swift */,
				8C2555FB2ADF1AAE00AB8832 /* ViewController.swift */,
				8C2555FD2ADF1AAE00AB8832 /* Main.storyboard */,
				8C2556002ADF1AB000AB8832 /* Assets.xcassets */,
				8C2556022ADF1AB000AB8832 /* LaunchScreen.storyboard */,
				8C2556052ADF1AB000AB8832 /* Info.plist */,
			);
			path = "iOS-HW10-Project";
			sourceTree = "<group>";
		};
		8C25560D2ADF1AB000AB8832 /* iOS-HW10-ProjectTests */ = {
			isa = PBXGroup;
			children = (
				8C25560E2ADF1AB000AB8832 /* iOS_HW10_ProjectTests.swift */,
			);
			path = "iOS-HW10-ProjectTests";
			sourceTree = "<group>";
		};
		8C2556172ADF1AB000AB8832 /* iOS-HW10-ProjectUITests */ = {
			isa = PBXGroup;
			children = (
				8C2556182ADF1AB000AB8832 /* iOS_HW10_ProjectUITests.swift */,
				8C25561A2ADF1AB000AB8832 /* iOS_HW10_ProjectUITestsLaunchTests.swift */,
			);
			path = "iOS-HW10-ProjectUITests";
			sourceTree = "<group>";
		};
/* End PBXGroup section */

/* Begin PBXNativeTarget section */
		8C2555F32ADF1AAE00AB8832 /* iOS-HW10-Project */ = {
			isa = PBXNativeTarget;
			buildConfigurationList = 8C25561E2ADF1AB000AB8832 /* Build configuration list for PBXNativeTarget "iOS-HW10-Project" */;
			buildPhases = (
				8C2555F02ADF1AAE00AB8832 /* Sources */,
				8C2555F12ADF1AAE00AB8832 /* Frameworks */,
				8C2555F22ADF1AAE00AB8832 /* Resources */,
			);
			buildRules = (
			);
			dependencies = (
			);
			name = "iOS-HW10-Project";
			productName = "iOS-HW10-Project";
			productReference = 8C2555F42ADF1AAE00AB8832 /* iOS-HW10-Project.app */;
			productType = "com.apple.product-type.application";
		};
		8C2556092ADF1AB000AB8832 /* iOS-HW10-ProjectTests */ = {
			isa = PBXNativeTarget;
			buildConfigurationList = 8C2556212ADF1AB000AB8832 /* Build configuration list for PBXNativeTarget "iOS-HW10-ProjectTests" */;
			buildPhases = (
				8C2556062ADF1AB000AB8832 /* Sources */,
				8C2556072ADF1AB000AB8832 /* Frameworks */,
				8C2556082ADF1AB000AB8832 /* Resources */,
			);
			buildRules = (
			);
			dependencies = (
				8C25560C2ADF1AB000AB8832 /* PBXTargetDependency */,
			);
			name = "iOS-HW10-ProjectTests";
			productName = "iOS-HW10-ProjectTests";
			productReference = 8C25560A2ADF1AB000AB8832 /* iOS-HW10-ProjectTests.xctest */;
			productType = "com.apple.product-type.bundle.unit-test";
		};
		8C2556132ADF1AB000AB8832 /* iOS-HW10-ProjectUITests */ = {
			isa = PBXNativeTarget;
			buildConfigurationList = 8C2556242ADF1AB000AB8832 /* Build configuration list for PBXNativeTarget "iOS-HW10-ProjectUITests" */;
			buildPhases = (
				8C2556102ADF1AB000AB8832 /* Sources */,
				8C2556112ADF1AB000AB8832 /* Frameworks */,
				8C2556122ADF1AB000AB8832 /* Resources */,
			);
			buildRules = (
			);
			dependencies = (
				8C2556162ADF1AB000AB8832 /* PBXTargetDependency */,
			);
			name = "iOS-HW10-ProjectUITests";
			productName = "iOS-HW10-ProjectUITests";
			productReference = 8C2556142ADF1AB000AB8832 /* iOS-HW10-ProjectUITests.xctest */;
			productType = "com.apple.product-type.bundle.ui-testing";
		};
/* End PBXNativeTarget section */

/* Begin PBXProject section */
		8C2555EC2ADF1AAE00AB8832 /* Project object */ = {
			isa = PBXProject;
			attributes = {
				BuildIndependentTargetsInParallel = 1;
				LastSwiftUpdateCheck = 1500;
				LastUpgradeCheck = 1500;
				TargetAttributes = {
					8C2555F32ADF1AAE00AB8832 = {
						CreatedOnToolsVersion = 15.0;
					};
					8C2556092ADF1AB000AB8832 = {
						CreatedOnToolsVersion = 15.0;
						TestTargetID = 8C2555F32ADF1AAE00AB8832;
					};
					8C2556132ADF1AB000AB8832 = {
						CreatedOnToolsVersion = 15.0;
						TestTargetID = 8C2555F32ADF1AAE00AB8832;
					};
				};
			};
			buildConfigurationList = 8C2555EF2ADF1AAE00AB8832 /* Build configuration list for PBXProject "iOS-HW10-Project" */;
			compatibilityVersion = "Xcode 14.0";
			developmentRegion = en;
			hasScannedForEncodings = 0;
			knownRegions = (
				en,
				Base,
			);
			mainGroup = 8C2555EB2ADF1AAE00AB8832;
			productRefGroup = 8C2555F52ADF1AAE00AB8832 /* Products */;
			projectDirPath = "";
			projectRoot = "";
			targets = (
				8C2555F32ADF1AAE00AB8832 /* iOS-HW10-Project */,
				8C2556092ADF1AB000AB8832 /* iOS-HW10-ProjectTests */,
				8C2556132ADF1AB000AB8832 /* iOS-HW10-ProjectUITests */,
			);
		};
/* End PBXProject section */

/* Begin PBXResourcesBuildPhase section */
		8C2555F22ADF1AAE00AB8832 /* Resources */ = {
			isa = PBXResourcesBuildPhase;
			buildActionMask = 2147483647;
			files = (
				8C2556042ADF1AB000AB8832 /* LaunchScreen.storyboard in Resources */,
				8C2556012ADF1AB000AB8832 /* Assets.xcassets in Resources */,
				8C2555FF2ADF1AAE00AB8832 /* Main.storyboard in Resources */,
			);
			runOnlyForDeploymentPostprocessing = 0;
		};
		8C2556082ADF1AB000AB8832 /* Resources */ = {
			isa = PBXResourcesBuildPhase;
			buildActionMask = 2147483647;
			files = (
			);
			runOnlyForDeploymentPostprocessing = 0;
		};
		8C2556122ADF1AB000AB8832 /* Resources */ = {
			isa = PBXResourcesBuildPhase;
			buildActionMask = 2147483647;
			files = (
			);
			runOnlyForDeploymentPostprocessing = 0;
		};
/* End PBXResourcesBuildPhase section */

/* Begin PBXSourcesBuildPhase section */
		8C2555F02ADF1AAE00AB8832 /* Sources */ = {
			isa = PBXSourcesBuildPhase;
			buildActionMask = 2147483647;
			files = (
				8C2555FC2ADF1AAE00AB8832 /* ViewController.swift in Sources */,
				8C2555F82ADF1AAE00AB8832 /* AppDelegate.swift in Sources */,
				8C2555FA2ADF1AAE00AB8832 /* SceneDelegate.swift in Sources */,
			);
			runOnlyForDeploymentPostprocessing = 0;
		};
		8C2556062ADF1AB000AB8832 /* Sources */ = {
			isa = PBXSourcesBuildPhase;
			buildActionMask = 2147483647;
			files = (
				8C25560F2ADF1AB000AB8832 /* iOS_HW10_ProjectTests.swift in Sources */,
			);
			runOnlyForDeploymentPostprocessing = 0;
		};
		8C2556102ADF1AB000AB8832 /* Sources */ = {
			isa = PBXSourcesBuildPhase;
			buildActionMask = 2147483647;
			files = (
				8C25561B2ADF1AB000AB8832 /* iOS_HW10_ProjectUITestsLaunchTests.swift in Sources */,
				8C2556192ADF1AB000AB8832 /* iOS_HW10_ProjectUITests.swift in Sources */,
			);
			runOnlyForDeploymentPostprocessing = 0;
		};
/* End PBXSourcesBuildPhase section */

/* Begin PBXTargetDependency section */
		8C25560C2ADF1AB000AB8832 /* PBXTargetDependency */ = {
			isa = PBXTargetDependency;
			target = 8C2555F32ADF1AAE00AB8832 /* iOS-HW10-Project */;
			targetProxy = 8C25560B2ADF1AB000AB8832 /* PBXContainerItemProxy */;
		};
		8C2556162ADF1AB000AB8832 /* PBXTargetDependency */ = {
			isa = PBXTargetDependency;
			target = 8C2555F32ADF1AAE00AB8832 /* iOS-HW10-Project */;
			targetProxy = 8C2556152ADF1AB000AB8832 /* PBXContainerItemProxy */;
		};
/* End PBXTargetDependency section */

/* Begin PBXVariantGroup section */
		8C2555FD2ADF1AAE00AB8832 /* Main.storyboard */ = {
			isa = PBXVariantGroup;
			children = (
				8C2555FE2ADF1AAE00AB8832 /* Base */,
			);
			name = Main.storyboard;
			sourceTree = "<group>";
		};
		8C2556022ADF1AB000AB8832 /* LaunchScreen.storyboard */ = {
			isa = PBXVariantGroup;
			children = (
				8C2556032ADF1AB000AB8832 /* Base */,
			);
			name = LaunchScreen.storyboard;
			sourceTree = "<group>";
		};
/* End PBXVariantGroup section */

/* Begin XCBuildConfiguration section */
		8C25561C2ADF1AB000AB8832 /* Debug */ = {
			isa = XCBuildConfiguration;
			buildSettings = {
				ALWAYS_SEARCH_USER_PATHS = NO;
				ASSETCATALOG_COMPILER_GENERATE_SWIFT_ASSET_SYMBOL_EXTENSIONS = YES;
				CLANG_ANALYZER_NONNULL = YES;
				CLANG_ANALYZER_NUMBER_OBJECT_CONVERSION = YES_AGGRESSIVE;
				CLANG_CXX_LANGUAGE_STANDARD = "gnu++20";
				CLANG_ENABLE_MODULES = YES;
				CLANG_ENABLE_OBJC_ARC = YES;
				CLANG_ENABLE_OBJC_WEAK = YES;
				CLANG_WARN_BLOCK_CAPTURE_AUTORELEASING = YES;
				CLANG_WARN_BOOL_CONVERSION = YES;
				CLANG_WARN_COMMA = YES;
				CLANG_WARN_CONSTANT_CONVERSION = YES;
				CLANG_WARN_DEPRECATED_OBJC_IMPLEMENTATIONS = YES;
				CLANG_WARN_DIRECT_OBJC_ISA_USAGE = YES_ERROR;
				CLANG_WARN_DOCUMENTATION_COMMENTS = YES;
				CLANG_WARN_EMPTY_BODY = YES;
				CLANG_WARN_ENUM_CONVERSION = YES;
				CLANG_WARN_INFINITE_RECURSION = YES;
				CLANG_WARN_INT_CONVERSION = YES;
				CLANG_WARN_NON_LITERAL_NULL_CONVERSION = YES;
				CLANG_WARN_OBJC_IMPLICIT_RETAIN_SELF = YES;
				CLANG_WARN_OBJC_LITERAL_CONVERSION = YES;
				CLANG_WARN_OBJC_ROOT_CLASS = YES_ERROR;
				CLANG_WARN_QUOTED_INCLUDE_IN_FRAMEWORK_HEADER = YES;
				CLANG_WARN_RANGE_LOOP_ANALYSIS = YES;
				CLANG_WARN_STRICT_PROTOTYPES = YES;
				CLANG_WARN_SUSPICIOUS_MOVE = YES;
				CLANG_WARN_UNGUARDED_AVAILABILITY = YES_AGGRESSIVE;
				CLANG_WARN_UNREACHABLE_CODE = YES;
				CLANG_WARN__DUPLICATE_METHOD_MATCH = YES;
				COPY_PHASE_STRIP = NO;
				DEBUG_INFORMATION_FORMAT = dwarf;
				ENABLE_STRICT_OBJC_MSGSEND = YES;
				ENABLE_TESTABILITY = YES;
				ENABLE_USER_SCRIPT_SANDBOXING = YES;
				GCC_C_LANGUAGE_STANDARD = gnu17;
				GCC_DYNAMIC_NO_PIC = NO;
				GCC_NO_COMMON_BLOCKS = YES;
				GCC_OPTIMIZATION_LEVEL = 0;
				GCC_PREPROCESSOR_DEFINITIONS = (
					"DEBUG=1",
					"$(inherited)",
				);
				GCC_WARN_64_TO_32_BIT_CONVERSION = YES;
				GCC_WARN_ABOUT_RETURN_TYPE = YES_ERROR;
				GCC_WARN_UNDECLARED_SELECTOR = YES;
				GCC_WARN_UNINITIALIZED_AUTOS = YES_AGGRESSIVE;
				GCC_WARN_UNUSED_FUNCTION = YES;
				GCC_WARN_UNUSED_VARIABLE = YES;
				IPHONEOS_DEPLOYMENT_TARGET = 17.0;
				LOCALIZATION_PREFERS_STRING_CATALOGS = YES;
				MTL_ENABLE_DEBUG_INFO = INCLUDE_SOURCE;
				MTL_FAST_MATH = YES;
				ONLY_ACTIVE_ARCH = YES;
				SDKROOT = iphoneos;
				SWIFT_ACTIVE_COMPILATION_CONDITIONS = "DEBUG $(inherited)";
				SWIFT_OPTIMIZATION_LEVEL = "-Onone";
			};
			name = Debug;
		};
		8C25561D2ADF1AB000AB8832 /* Release */ = {
			isa = XCBuildConfiguration;
			buildSettings = {
				ALWAYS_SEARCH_USER_PATHS = NO;
				ASSETCATALOG_COMPILER_GENERATE_SWIFT_ASSET_SYMBOL_EXTENSIONS = YES;
				CLANG_ANALYZER_NONNULL = YES;
				CLANG_ANALYZER_NUMBER_OBJECT_CONVERSION = YES_AGGRESSIVE;
				CLANG_CXX_LANGUAGE_STANDARD = "gnu++20";
				CLANG_ENABLE_MODULES = YES;
				CLANG_ENABLE_OBJC_ARC = YES;
				CLANG_ENABLE_OBJC_WEAK = YES;
				CLANG_WARN_BLOCK_CAPTURE_AUTORELEASING = YES;
				CLANG_WARN_BOOL_CONVERSION = YES;
				CLANG_WARN_COMMA = YES;
				CLANG_WARN_CONSTANT_CONVERSION = YES;
				CLANG_WARN_DEPRECATED_OBJC_IMPLEMENTATIONS = YES;
				CLANG_WARN_DIRECT_OBJC_ISA_USAGE = YES_ERROR;
				CLANG_WARN_DOCUMENTATION_COMMENTS = YES;
				CLANG_WARN_EMPTY_BODY = YES;
				CLANG_WARN_ENUM_CONVERSION = YES;
				CLANG_WARN_INFINITE_RECURSION = YES;
				CLANG_WARN_INT_CONVERSION = YES;
				CLANG_WARN_NON_LITERAL_NULL_CONVERSION = YES;
				CLANG_WARN_OBJC_IMPLICIT_RETAIN_SELF = YES;
				CLANG_WARN_OBJC_LITERAL_CONVERSION = YES;
				CLANG_WARN_OBJC_ROOT_CLASS = YES_ERROR;
				CLANG_WARN_QUOTED_INCLUDE_IN_FRAMEWORK_HEADER = YES;
				CLANG_WARN_RANGE_LOOP_ANALYSIS = YES;
				CLANG_WARN_STRICT_PROTOTYPES = YES;
				CLANG_WARN_SUSPICIOUS_MOVE = YES;
				CLANG_WARN_UNGUARDED_AVAILABILITY = YES_AGGRESSIVE;
				CLANG_WARN_UNREACHABLE_CODE = YES;
				CLANG_WARN__DUPLICATE_METHOD_MATCH = YES;
				COPY_PHASE_STRIP = NO;
				DEBUG_INFORMATION_FORMAT = "dwarf-with-dsym";
				ENABLE_NS_ASSERTIONS = NO;
				ENABLE_STRICT_OBJC_MSGSEND = YES;
				ENABLE_USER_SCRIPT_SANDBOXING = YES;
				GCC_C_LANGUAGE_STANDARD = gnu17;
				GCC_NO_COMMON_BLOCKS = YES;
				GCC_WARN_64_TO_32_BIT_CONVERSION = YES;
				GCC_WARN_ABOUT_RETURN_TYPE = YES_ERROR;
				GCC_WARN_UNDECLARED_SELECTOR = YES;
				GCC_WARN_UNINITIALIZED_AUTOS = YES_AGGRESSIVE;
				GCC_WARN_UNUSED_FUNCTION = YES;
				GCC_WARN_UNUSED_VARIABLE = YES;
				IPHONEOS_DEPLOYMENT_TARGET = 17.0;
				LOCALIZATION_PREFERS_STRING_CATALOGS = YES;
				MTL_ENABLE_DEBUG_INFO = NO;
				MTL_FAST_MATH = YES;
				SDKROOT = iphoneos;
				SWIFT_COMPILATION_MODE = wholemodule;
				VALIDATE_PRODUCT = YES;
			};
			name = Release;
		};
		8C25561F2ADF1AB000AB8832 /* Debug */ = {
			isa = XCBuildConfiguration;
			buildSettings = {
				ASSETCATALOG_COMPILER_APPICON_NAME = AppIcon;
				ASSETCATALOG_COMPILER_GLOBAL_ACCENT_COLOR_NAME = AccentColor;
				CODE_SIGN_STYLE = Automatic;
				CURRENT_PROJECT_VERSION = 1;
				GENERATE_INFOPLIST_FILE = YES;
				INFOPLIST_FILE = "iOS-HW10-Project/Info.plist";
				INFOPLIST_KEY_UIApplicationSupportsIndirectInputEvents = YES;
				INFOPLIST_KEY_UILaunchStoryboardName = LaunchScreen;
				INFOPLIST_KEY_UIMainStoryboardFile = Main;
				INFOPLIST_KEY_UISupportedInterfaceOrientations_iPad = "UIInterfaceOrientationPortrait UIInterfaceOrientationPortraitUpsideDown UIInterfaceOrientationLandscapeLeft UIInterfaceOrientationLandscapeRight";
				INFOPLIST_KEY_UISupportedInterfaceOrientations_iPhone = "UIInterfaceOrientationPortrait UIInterfaceOrientationLandscapeLeft UIInterfaceOrientationLandscapeRight";
				LD_RUNPATH_SEARCH_PATHS = (
					"$(inherited)",
					"@executable_path/Frameworks",
				);
				MARKETING_VERSION = 1.0;
				PRODUCT_BUNDLE_IDENTIFIER = "com.my.iOS-HW10-Project";
				PRODUCT_NAME = "$(TARGET_NAME)";
				SWIFT_EMIT_LOC_STRINGS = YES;
				SWIFT_VERSION = 5.0;
				TARGETED_DEVICE_FAMILY = "1,2";
			};
			name = Debug;
		};
		8C2556202ADF1AB000AB8832 /* Release */ = {
			isa = XCBuildConfiguration;
			buildSettings = {
				ASSETCATALOG_COMPILER_APPICON_NAME = AppIcon;
				ASSETCATALOG_COMPILER_GLOBAL_ACCENT_COLOR_NAME = AccentColor;
				CODE_SIGN_STYLE = Automatic;
				CURRENT_PROJECT_VERSION = 1;
				GENERATE_INFOPLIST_FILE = YES;
				INFOPLIST_FILE = "iOS-HW10-Project/Info.plist";
				INFOPLIST_KEY_UIApplicationSupportsIndirectInputEvents = YES;
				INFOPLIST_KEY_UILaunchStoryboardName = LaunchScreen;
				INFOPLIST_KEY_UIMainStoryboardFile = Main;
				INFOPLIST_KEY_UISupportedInterfaceOrientations_iPad = "UIInterfaceOrientationPortrait UIInterfaceOrientationPortraitUpsideDown UIInterfaceOrientationLandscapeLeft UIInterfaceOrientationLandscapeRight";
				INFOPLIST_KEY_UISupportedInterfaceOrientations_iPhone = "UIInterfaceOrientationPortrait UIInterfaceOrientationLandscapeLeft UIInterfaceOrientationLandscapeRight";
				LD_RUNPATH_SEARCH_PATHS = (
					"$(inherited)",
					"@executable_path/Frameworks",
				);
				MARKETING_VERSION = 1.0;
				PRODUCT_BUNDLE_IDENTIFIER = "com.my.iOS-HW10-Project";
				PRODUCT_NAME = "$(TARGET_NAME)";
				SWIFT_EMIT_LOC_STRINGS = YES;
				SWIFT_VERSION = 5.0;
				TARGETED_DEVICE_FAMILY = "1,2";
			};
			name = Release;
		};
		8C2556222ADF1AB000AB8832 /* Debug */ = {
			isa = XCBuildConfiguration;
			buildSettings = {
				ALWAYS_EMBED_SWIFT_STANDARD_LIBRARIES = YES;
				BUNDLE_LOADER = "$(TEST_HOST)";
				CODE_SIGN_STYLE = Automatic;
				CURRENT_PROJECT_VERSION = 1;
				GENERATE_INFOPLIST_FILE = YES;
				IPHONEOS_DEPLOYMENT_TARGET = 17.0;
				MARKETING_VERSION = 1.0;
				PRODUCT_BUNDLE_IDENTIFIER = "com.my.iOS-HW10-ProjectTests";
				PRODUCT_NAME = "$(TARGET_NAME)";
				SWIFT_EMIT_LOC_STRINGS = NO;
				SWIFT_VERSION = 5.0;
				TARGETED_DEVICE_FAMILY = "1,2";
				TEST_HOST = "$(BUILT_PRODUCTS_DIR)/iOS-HW10-Project.app/$(BUNDLE_EXECUTABLE_FOLDER_PATH)/iOS-HW10-Project";
			};
			name = Debug;
		};
		8C2556232ADF1AB000AB8832 /* Release */ = {
			isa = XCBuildConfiguration;
			buildSettings = {
				ALWAYS_EMBED_SWIFT_STANDARD_LIBRARIES = YES;
				BUNDLE_LOADER = "$(TEST_HOST)";
				CODE_SIGN_STYLE = Automatic;
				CURRENT_PROJECT_VERSION = 1;
				GENERATE_INFOPLIST_FILE = YES;
				IPHONEOS_DEPLOYMENT_TARGET = 17.0;
				MARKETING_VERSION = 1.0;
				PRODUCT_BUNDLE_IDENTIFIER = "com.my.iOS-HW10-ProjectTests";
				PRODUCT_NAME = "$(TARGET_NAME)";
				SWIFT_EMIT_LOC_STRINGS = NO;
				SWIFT_VERSION = 5.0;
				TARGETED_DEVICE_FAMILY = "1,2";
				TEST_HOST = "$(BUILT_PRODUCTS_DIR)/iOS-HW10-Project.app/$(BUNDLE_EXECUTABLE_FOLDER_PATH)/iOS-HW10-Project";
			};
			name = Release;
		};
		8C2556252ADF1AB000AB8832 /* Debug */ = {
			isa = XCBuildConfiguration;
			buildSettings = {
				ALWAYS_EMBED_SWIFT_STANDARD_LIBRARIES = YES;
				CODE_SIGN_STYLE = Automatic;
				CURRENT_PROJECT_VERSION = 1;
				GENERATE_INFOPLIST_FILE = YES;
				MARKETING_VERSION = 1.0;
				PRODUCT_BUNDLE_IDENTIFIER = "com.my.iOS-HW10-ProjectUITests";
				PRODUCT_NAME = "$(TARGET_NAME)";
				SWIFT_EMIT_LOC_STRINGS = NO;
				SWIFT_VERSION = 5.0;
				TARGETED_DEVICE_FAMILY = "1,2";
				TEST_TARGET_NAME = "iOS-HW10-Project";
			};
			name = Debug;
		};
		8C2556262ADF1AB000AB8832 /* Release */ = {
			isa = XCBuildConfiguration;
			buildSettings = {
				ALWAYS_EMBED_SWIFT_STANDARD_LIBRARIES = YES;
				CODE_SIGN_STYLE = Automatic;
				CURRENT_PROJECT_VERSION = 1;
				GENERATE_INFOPLIST_FILE = YES;
				MARKETING_VERSION = 1.0;
				PRODUCT_BUNDLE_IDENTIFIER = "com.my.iOS-HW10-ProjectUITests";
				PRODUCT_NAME = "$(TARGET_NAME)";
				SWIFT_EMIT_LOC_STRINGS = NO;
				SWIFT_VERSION = 5.0;
				TARGETED_DEVICE_FAMILY = "1,2";
				TEST_TARGET_NAME = "iOS-HW10-Project";
			};
			name = Release;
		};
/* End XCBuildConfiguration section */

/* Begin XCConfigurationList section */
		8C2555EF2ADF1AAE00AB8832 /* Build configuration list for PBXProject "iOS-HW10-Project" */ = {
			isa = XCConfigurationList;
			buildConfigurations = (
				8C25561C2ADF1AB000AB8832 /* Debug */,
				8C25561D2ADF1AB000AB8832 /* Release */,
			);
			defaultConfigurationIsVisible = 0;
			defaultConfigurationName = Release;
		};
		8C25561E2ADF1AB000AB8832 /* Build configuration list for PBXNativeTarget "iOS-HW10-Project" */ = {
			isa = XCConfigurationList;
			buildConfigurations = (
				8C25561F2ADF1AB000AB8832 /* Debug */,
				8C2556202ADF1AB000AB8832 /* Release */,
			);
			defaultConfigurationIsVisible = 0;
			defaultConfigurationName = Release;
		};
		8C2556212ADF1AB000AB8832 /* Build configuration list for PBXNativeTarget "iOS-HW10-ProjectTests" */ = {
			isa = XCConfigurationList;
			buildConfigurations = (
				8C2556222ADF1AB000AB8832 /* Debug */,
				8C2556232ADF1AB000AB8832 /* Release */,
			);
			defaultConfigurationIsVisible = 0;
			defaultConfigurationName = Release;
		};
		8C2556242ADF1AB000AB8832 /* Build configuration list for PBXNativeTarget "iOS-HW10-ProjectUITests" */ = {
			isa = XCConfigurationList;
			buildConfigurations = (
				8C2556252ADF1AB000AB8832 /* Debug */,
				8C2556262ADF1AB000AB8832 /* Release */,
			);
			defaultConfigurationIsVisible = 0;
			defaultConfigurationName = Release;
		};
/* End XCConfigurationList section */
	};
	rootObject = 8C2555EC2ADF1AAE00AB8832 /* Project object */;
}
